// !$*UTF8*$!
{
	archiveVersion = 1;
	classes = {
	};
	objectVersion = 50;
	objects = {

/* Begin PBXBuildFile section */
		1801CD9C2375BAA700B1B39A /* NotesCellOfDetailedCategoryTableViewCell.swift in Sources */ = {isa = PBXBuildFile; fileRef = 1801CD9B2375BAA700B1B39A /* NotesCellOfDetailedCategoryTableViewCell.swift */; };
		183A68E0237584D0003F9781 /* NotesOfDetailedCategoryTableViewController.swift in Sources */ = {isa = PBXBuildFile; fileRef = 183A68DF237584D0003F9781 /* NotesOfDetailedCategoryTableViewController.swift */; };
		1845ECAE237309ED005B6102 /* Profile.storyboard in Resources */ = {isa = PBXBuildFile; fileRef = 1845ECAD237309ED005B6102 /* Profile.storyboard */; };
		1845ECB0237309F8005B6102 /* Notes.storyboard in Resources */ = {isa = PBXBuildFile; fileRef = 1845ECAF237309F8005B6102 /* Notes.storyboard */; };
		1845ECB223730A07005B6102 /* Services.storyboard in Resources */ = {isa = PBXBuildFile; fileRef = 1845ECB123730A07005B6102 /* Services.storyboard */; };
		1845ECB4237312E2005B6102 /* NotesViewController.swift in Sources */ = {isa = PBXBuildFile; fileRef = 1845ECB3237312E2005B6102 /* NotesViewController.swift */; };
		18B41510237194F400549C13 /* AppDelegate.swift in Sources */ = {isa = PBXBuildFile; fileRef = 18B4150F237194F400549C13 /* AppDelegate.swift */; };
		18B41512237194F400549C13 /* SceneDelegate.swift in Sources */ = {isa = PBXBuildFile; fileRef = 18B41511237194F400549C13 /* SceneDelegate.swift */; };
		18B41514237194F400549C13 /* ViewController.swift in Sources */ = {isa = PBXBuildFile; fileRef = 18B41513237194F400549C13 /* ViewController.swift */; };
		18B41517237194F400549C13 /* Main.storyboard in Resources */ = {isa = PBXBuildFile; fileRef = 18B41515237194F400549C13 /* Main.storyboard */; };
		18B4151A237194F400549C13 /* Pawsome.xcdatamodeld in Sources */ = {isa = PBXBuildFile; fileRef = 18B41518237194F400549C13 /* Pawsome.xcdatamodeld */; };
		18B4151C237194F500549C13 /* Assets.xcassets in Resources */ = {isa = PBXBuildFile; fileRef = 18B4151B237194F500549C13 /* Assets.xcassets */; };
		18B4151F237194F500549C13 /* LaunchScreen.storyboard in Resources */ = {isa = PBXBuildFile; fileRef = 18B4151D237194F500549C13 /* LaunchScreen.storyboard */; };
		18B4152A237194F500549C13 /* PawsomeTests.swift in Sources */ = {isa = PBXBuildFile; fileRef = 18B41529237194F500549C13 /* PawsomeTests.swift */; };
		18B41535237194F500549C13 /* PawsomeUITests.swift in Sources */ = {isa = PBXBuildFile; fileRef = 18B41534237194F500549C13 /* PawsomeUITests.swift */; };
		18DA19E0237C3D0E00699AAA /* notesCategories.swift in Sources */ = {isa = PBXBuildFile; fileRef = 18DA19DF237C3D0E00699AAA /* notesCategories.swift */; };
/* End PBXBuildFile section */

/* Begin PBXContainerItemProxy section */
		18B41526237194F500549C13 /* PBXContainerItemProxy */ = {
			isa = PBXContainerItemProxy;
			containerPortal = 18B41504237194F400549C13 /* Project object */;
			proxyType = 1;
			remoteGlobalIDString = 18B4150B237194F400549C13;
			remoteInfo = Pawsome;
		};
		18B41531237194F500549C13 /* PBXContainerItemProxy */ = {
			isa = PBXContainerItemProxy;
			containerPortal = 18B41504237194F400549C13 /* Project object */;
			proxyType = 1;
			remoteGlobalIDString = 18B4150B237194F400549C13;
			remoteInfo = Pawsome;
		};
/* End PBXContainerItemProxy section */

/* Begin PBXFileReference section */
		1801CD9B2375BAA700B1B39A /* NotesCellOfDetailedCategoryTableViewCell.swift */ = {isa = PBXFileReference; lastKnownFileType = sourcecode.swift; path = NotesCellOfDetailedCategoryTableViewCell.swift; sourceTree = "<group>"; };
		183A68DF237584D0003F9781 /* NotesOfDetailedCategoryTableViewController.swift */ = {isa = PBXFileReference; lastKnownFileType = sourcecode.swift; path = NotesOfDetailedCategoryTableViewController.swift; sourceTree = "<group>"; };
		1845ECAD237309ED005B6102 /* Profile.storyboard */ = {isa = PBXFileReference; lastKnownFileType = file.storyboard; path = Profile.storyboard; sourceTree = "<group>"; };
		1845ECAF237309F8005B6102 /* Notes.storyboard */ = {isa = PBXFileReference; lastKnownFileType = file.storyboard; path = Notes.storyboard; sourceTree = "<group>"; };
		1845ECB123730A07005B6102 /* Services.storyboard */ = {isa = PBXFileReference; lastKnownFileType = file.storyboard; path = Services.storyboard; sourceTree = "<group>"; };
		1845ECB3237312E2005B6102 /* NotesViewController.swift */ = {isa = PBXFileReference; lastKnownFileType = sourcecode.swift; path = NotesViewController.swift; sourceTree = "<group>"; };
		18B4150C237194F400549C13 /* Pawsome.app */ = {isa = PBXFileReference; explicitFileType = wrapper.application; includeInIndex = 0; path = Pawsome.app; sourceTree = BUILT_PRODUCTS_DIR; };
		18B4150F237194F400549C13 /* AppDelegate.swift */ = {isa = PBXFileReference; lastKnownFileType = sourcecode.swift; path = AppDelegate.swift; sourceTree = "<group>"; };
		18B41511237194F400549C13 /* SceneDelegate.swift */ = {isa = PBXFileReference; lastKnownFileType = sourcecode.swift; path = SceneDelegate.swift; sourceTree = "<group>"; };
		18B41513237194F400549C13 /* ViewController.swift */ = {isa = PBXFileReference; lastKnownFileType = sourcecode.swift; path = ViewController.swift; sourceTree = "<group>"; };
		18B41516237194F400549C13 /* Base */ = {isa = PBXFileReference; lastKnownFileType = file.storyboard; name = Base; path = Base.lproj/Main.storyboard; sourceTree = "<group>"; };
		18B41519237194F400549C13 /* Pawsome.xcdatamodel */ = {isa = PBXFileReference; lastKnownFileType = wrapper.xcdatamodel; path = Pawsome.xcdatamodel; sourceTree = "<group>"; };
		18B4151B237194F500549C13 /* Assets.xcassets */ = {isa = PBXFileReference; lastKnownFileType = folder.assetcatalog; path = Assets.xcassets; sourceTree = "<group>"; };
		18B4151E237194F500549C13 /* Base */ = {isa = PBXFileReference; lastKnownFileType = file.storyboard; name = Base; path = Base.lproj/LaunchScreen.storyboard; sourceTree = "<group>"; };
		18B41520237194F500549C13 /* Info.plist */ = {isa = PBXFileReference; lastKnownFileType = text.plist.xml; path = Info.plist; sourceTree = "<group>"; };
		18B41525237194F500549C13 /* PawsomeTests.xctest */ = {isa = PBXFileReference; explicitFileType = wrapper.cfbundle; includeInIndex = 0; path = PawsomeTests.xctest; sourceTree = BUILT_PRODUCTS_DIR; };
		18B41529237194F500549C13 /* PawsomeTests.swift */ = {isa = PBXFileReference; lastKnownFileType = sourcecode.swift; path = PawsomeTests.swift; sourceTree = "<group>"; };
		18B4152B237194F500549C13 /* Info.plist */ = {isa = PBXFileReference; lastKnownFileType = text.plist.xml; path = Info.plist; sourceTree = "<group>"; };
		18B41530237194F500549C13 /* PawsomeUITests.xctest */ = {isa = PBXFileReference; explicitFileType = wrapper.cfbundle; includeInIndex = 0; path = PawsomeUITests.xctest; sourceTree = BUILT_PRODUCTS_DIR; };
		18B41534237194F500549C13 /* PawsomeUITests.swift */ = {isa = PBXFileReference; lastKnownFileType = sourcecode.swift; path = PawsomeUITests.swift; sourceTree = "<group>"; };
		18B41536237194F500549C13 /* Info.plist */ = {isa = PBXFileReference; lastKnownFileType = text.plist.xml; path = Info.plist; sourceTree = "<group>"; };
		18DA19DF237C3D0E00699AAA /* notesCategories.swift */ = {isa = PBXFileReference; lastKnownFileType = sourcecode.swift; path = notesCategories.swift; sourceTree = "<group>"; };
/* End PBXFileReference section */

/* Begin PBXFrameworksBuildPhase section */
		18B41509237194F400549C13 /* Frameworks */ = {
			isa = PBXFrameworksBuildPhase;
			buildActionMask = 2147483647;
			files = (
			);
			runOnlyForDeploymentPostprocessing = 0;
		};
		18B41522237194F500549C13 /* Frameworks */ = {
			isa = PBXFrameworksBuildPhase;
			buildActionMask = 2147483647;
			files = (
			);
			runOnlyForDeploymentPostprocessing = 0;
		};
		18B4152D237194F500549C13 /* Frameworks */ = {
			isa = PBXFrameworksBuildPhase;
			buildActionMask = 2147483647;
			files = (
			);
			runOnlyForDeploymentPostprocessing = 0;
		};
/* End PBXFrameworksBuildPhase section */

/* Begin PBXGroup section */
		18B41503237194F400549C13 = {
			isa = PBXGroup;
			children = (
				18B4150E237194F400549C13 /* Pawsome */,
				18B41528237194F500549C13 /* PawsomeTests */,
				18B41533237194F500549C13 /* PawsomeUITests */,
				18B4150D237194F400549C13 /* Products */,
			);
			sourceTree = "<group>";
		};
		18B4150D237194F400549C13 /* Products */ = {
			isa = PBXGroup;
			children = (
				18B4150C237194F400549C13 /* Pawsome.app */,
				18B41525237194F500549C13 /* PawsomeTests.xctest */,
				18B41530237194F500549C13 /* PawsomeUITests.xctest */,
			);
			name = Products;
			sourceTree = "<group>";
		};
		18B4150E237194F400549C13 /* Pawsome */ = {
			isa = PBXGroup;
			children = (
				1845ECAF237309F8005B6102 /* Notes.storyboard */,
				18B4150F237194F400549C13 /* AppDelegate.swift */,
				18B41511237194F400549C13 /* SceneDelegate.swift */,
				18B41513237194F400549C13 /* ViewController.swift */,
				18B41515237194F400549C13 /* Main.storyboard */,
				18B4151B237194F500549C13 /* Assets.xcassets */,
				18B4151D237194F500549C13 /* LaunchScreen.storyboard */,
				18B41520237194F500549C13 /* Info.plist */,
				18B41518237194F400549C13 /* Pawsome.xcdatamodeld */,
				1845ECAD237309ED005B6102 /* Profile.storyboard */,
				1845ECB123730A07005B6102 /* Services.storyboard */,
				1845ECB3237312E2005B6102 /* NotesViewController.swift */,
				183A68DF237584D0003F9781 /* NotesOfDetailedCategoryTableViewController.swift */,
				1801CD9B2375BAA700B1B39A /* NotesCellOfDetailedCategoryTableViewCell.swift */,
				18DA19DF237C3D0E00699AAA /* notesCategories.swift */,
			);
			path = Pawsome;
			sourceTree = "<group>";
		};
		18B41528237194F500549C13 /* PawsomeTests */ = {
			isa = PBXGroup;
			children = (
				18B41529237194F500549C13 /* PawsomeTests.swift */,
				18B4152B237194F500549C13 /* Info.plist */,
			);
			path = PawsomeTests;
			sourceTree = "<group>";
		};
		18B41533237194F500549C13 /* PawsomeUITests */ = {
			isa = PBXGroup;
			children = (
				18B41534237194F500549C13 /* PawsomeUITests.swift */,
				18B41536237194F500549C13 /* Info.plist */,
			);
			path = PawsomeUITests;
			sourceTree = "<group>";
		};
/* End PBXGroup section */

/* Begin PBXNativeTarget section */
		18B4150B237194F400549C13 /* Pawsome */ = {
			isa = PBXNativeTarget;
			buildConfigurationList = 18B41539237194F500549C13 /* Build configuration list for PBXNativeTarget "Pawsome" */;
			buildPhases = (
				18B41508237194F400549C13 /* Sources */,
				18B41509237194F400549C13 /* Frameworks */,
				18B4150A237194F400549C13 /* Resources */,
			);
			buildRules = (
			);
			dependencies = (
			);
			name = Pawsome;
			productName = Pawsome;
			productReference = 18B4150C237194F400549C13 /* Pawsome.app */;
			productType = "com.apple.product-type.application";
		};
		18B41524237194F500549C13 /* PawsomeTests */ = {
			isa = PBXNativeTarget;
			buildConfigurationList = 18B4153C237194F500549C13 /* Build configuration list for PBXNativeTarget "PawsomeTests" */;
			buildPhases = (
				18B41521237194F500549C13 /* Sources */,
				18B41522237194F500549C13 /* Frameworks */,
				18B41523237194F500549C13 /* Resources */,
			);
			buildRules = (
			);
			dependencies = (
				18B41527237194F500549C13 /* PBXTargetDependency */,
			);
			name = PawsomeTests;
			productName = PawsomeTests;
			productReference = 18B41525237194F500549C13 /* PawsomeTests.xctest */;
			productType = "com.apple.product-type.bundle.unit-test";
		};
		18B4152F237194F500549C13 /* PawsomeUITests */ = {
			isa = PBXNativeTarget;
			buildConfigurationList = 18B4153F237194F500549C13 /* Build configuration list for PBXNativeTarget "PawsomeUITests" */;
			buildPhases = (
				18B4152C237194F500549C13 /* Sources */,
				18B4152D237194F500549C13 /* Frameworks */,
				18B4152E237194F500549C13 /* Resources */,
			);
			buildRules = (
			);
			dependencies = (
				18B41532237194F500549C13 /* PBXTargetDependency */,
			);
			name = PawsomeUITests;
			productName = PawsomeUITests;
			productReference = 18B41530237194F500549C13 /* PawsomeUITests.xctest */;
			productType = "com.apple.product-type.bundle.ui-testing";
		};
/* End PBXNativeTarget section */

/* Begin PBXProject section */
		18B41504237194F400549C13 /* Project object */ = {
			isa = PBXProject;
			attributes = {
				LastSwiftUpdateCheck = 1100;
				LastUpgradeCheck = 1100;
				ORGANIZATIONNAME = ProjectGroupM;
				TargetAttributes = {
					18B4150B237194F400549C13 = {
						CreatedOnToolsVersion = 11.0;
					};
					18B41524237194F500549C13 = {
						CreatedOnToolsVersion = 11.0;
						TestTargetID = 18B4150B237194F400549C13;
					};
					18B4152F237194F500549C13 = {
						CreatedOnToolsVersion = 11.0;
						TestTargetID = 18B4150B237194F400549C13;
					};
				};
			};
			buildConfigurationList = 18B41507237194F400549C13 /* Build configuration list for PBXProject "Pawsome" */;
			compatibilityVersion = "Xcode 9.3";
			developmentRegion = en;
			hasScannedForEncodings = 0;
			knownRegions = (
				en,
				Base,
			);
			mainGroup = 18B41503237194F400549C13;
			productRefGroup = 18B4150D237194F400549C13 /* Products */;
			projectDirPath = "";
			projectRoot = "";
			targets = (
				18B4150B237194F400549C13 /* Pawsome */,
				18B41524237194F500549C13 /* PawsomeTests */,
				18B4152F237194F500549C13 /* PawsomeUITests */,
			);
		};
/* End PBXProject section */

/* Begin PBXResourcesBuildPhase section */
		18B4150A237194F400549C13 /* Resources */ = {
			isa = PBXResourcesBuildPhase;
			buildActionMask = 2147483647;
			files = (
				18B4151F237194F500549C13 /* LaunchScreen.storyboard in Resources */,
				18B4151C237194F500549C13 /* Assets.xcassets in Resources */,
				1845ECB0237309F8005B6102 /* Notes.storyboard in Resources */,
				1845ECAE237309ED005B6102 /* Profile.storyboard in Resources */,
				1845ECB223730A07005B6102 /* Services.storyboard in Resources */,
				18B41517237194F400549C13 /* Main.storyboard in Resources */,
			);
			runOnlyForDeploymentPostprocessing = 0;
		};
		18B41523237194F500549C13 /* Resources */ = {
			isa = PBXResourcesBuildPhase;
			buildActionMask = 2147483647;
			files = (
			);
			runOnlyForDeploymentPostprocessing = 0;
		};
		18B4152E237194F500549C13 /* Resources */ = {
			isa = PBXResourcesBuildPhase;
			buildActionMask = 2147483647;
			files = (
			);
			runOnlyForDeploymentPostprocessing = 0;
		};
/* End PBXResourcesBuildPhase section */

/* Begin PBXSourcesBuildPhase section */
		18B41508237194F400549C13 /* Sources */ = {
			isa = PBXSourcesBuildPhase;
			buildActionMask = 2147483647;
			files = (
				18B4151A237194F400549C13 /* Pawsome.xcdatamodeld in Sources */,
				1845ECB4237312E2005B6102 /* NotesViewController.swift in Sources */,
				183A68E0237584D0003F9781 /* NotesOfDetailedCategoryTableViewController.swift in Sources */,
				18B41514237194F400549C13 /* ViewController.swift in Sources */,
				1801CD9C2375BAA700B1B39A /* NotesCellOfDetailedCategoryTableViewCell.swift in Sources */,
				18DA19E0237C3D0E00699AAA /* notesCategories.swift in Sources */,
				18B41510237194F400549C13 /* AppDelegate.swift in Sources */,
				18B41512237194F400549C13 /* SceneDelegate.swift in Sources */,
			);
			runOnlyForDeploymentPostprocessing = 0;
		};
		18B41521237194F500549C13 /* Sources */ = {
			isa = PBXSourcesBuildPhase;
			buildActionMask = 2147483647;
			files = (
				18B4152A237194F500549C13 /* PawsomeTests.swift in Sources */,
			);
			runOnlyForDeploymentPostprocessing = 0;
		};
		18B4152C237194F500549C13 /* Sources */ = {
			isa = PBXSourcesBuildPhase;
			buildActionMask = 2147483647;
			files = (
				18B41535237194F500549C13 /* PawsomeUITests.swift in Sources */,
			);
			runOnlyForDeploymentPostprocessing = 0;
		};
/* End PBXSourcesBuildPhase section */

/* Begin PBXTargetDependency section */
		18B41527237194F500549C13 /* PBXTargetDependency */ = {
			isa = PBXTargetDependency;
			target = 18B4150B237194F400549C13 /* Pawsome */;
			targetProxy = 18B41526237194F500549C13 /* PBXContainerItemProxy */;
		};
		18B41532237194F500549C13 /* PBXTargetDependency */ = {
			isa = PBXTargetDependency;
			target = 18B4150B237194F400549C13 /* Pawsome */;
			targetProxy = 18B41531237194F500549C13 /* PBXContainerItemProxy */;
		};
/* End PBXTargetDependency section */

/* Begin PBXVariantGroup section */
		18B41515237194F400549C13 /* Main.storyboard */ = {
			isa = PBXVariantGroup;
			children = (
				18B41516237194F400549C13 /* Base */,
			);
			name = Main.storyboard;
			sourceTree = "<group>";
		};
		18B4151D237194F500549C13 /* LaunchScreen.storyboard */ = {
			isa = PBXVariantGroup;
			children = (
				18B4151E237194F500549C13 /* Base */,
			);
			name = LaunchScreen.storyboard;
			sourceTree = "<group>";
		};
/* End PBXVariantGroup section */

/* Begin XCBuildConfiguration section */
		18B41537237194F500549C13 /* Debug */ = {
			isa = XCBuildConfiguration;
			buildSettings = {
				ALWAYS_SEARCH_USER_PATHS = NO;
				CLANG_ANALYZER_NONNULL = YES;
				CLANG_ANALYZER_NUMBER_OBJECT_CONVERSION = YES_AGGRESSIVE;
				CLANG_CXX_LANGUAGE_STANDARD = "gnu++14";
				CLANG_CXX_LIBRARY = "libc++";
				CLANG_ENABLE_MODULES = YES;
				CLANG_ENABLE_OBJC_ARC = YES;
				CLANG_ENABLE_OBJC_WEAK = YES;
				CLANG_WARN_BLOCK_CAPTURE_AUTORELEASING = YES;
				CLANG_WARN_BOOL_CONVERSION = YES;
				CLANG_WARN_COMMA = YES;
				CLANG_WARN_CONSTANT_CONVERSION = YES;
				CLANG_WARN_DEPRECATED_OBJC_IMPLEMENTATIONS = YES;
				CLANG_WARN_DIRECT_OBJC_ISA_USAGE = YES_ERROR;
				CLANG_WARN_DOCUMENTATION_COMMENTS = YES;
				CLANG_WARN_EMPTY_BODY = YES;
				CLANG_WARN_ENUM_CONVERSION = YES;
				CLANG_WARN_INFINITE_RECURSION = YES;
				CLANG_WARN_INT_CONVERSION = YES;
				CLANG_WARN_NON_LITERAL_NULL_CONVERSION = YES;
				CLANG_WARN_OBJC_IMPLICIT_RETAIN_SELF = YES;
				CLANG_WARN_OBJC_LITERAL_CONVERSION = YES;
				CLANG_WARN_OBJC_ROOT_CLASS = YES_ERROR;
				CLANG_WARN_RANGE_LOOP_ANALYSIS = YES;
				CLANG_WARN_STRICT_PROTOTYPES = YES;
				CLANG_WARN_SUSPICIOUS_MOVE = YES;
				CLANG_WARN_UNGUARDED_AVAILABILITY = YES_AGGRESSIVE;
				CLANG_WARN_UNREACHABLE_CODE = YES;
				CLANG_WARN__DUPLICATE_METHOD_MATCH = YES;
				COPY_PHASE_STRIP = NO;
				DEBUG_INFORMATION_FORMAT = dwarf;
				ENABLE_STRICT_OBJC_MSGSEND = YES;
				ENABLE_TESTABILITY = YES;
				GCC_C_LANGUAGE_STANDARD = gnu11;
				GCC_DYNAMIC_NO_PIC = NO;
				GCC_NO_COMMON_BLOCKS = YES;
				GCC_OPTIMIZATION_LEVEL = 0;
				GCC_PREPROCESSOR_DEFINITIONS = (
					"DEBUG=1",
					"$(inherited)",
				);
				GCC_WARN_64_TO_32_BIT_CONVERSION = YES;
				GCC_WARN_ABOUT_RETURN_TYPE = YES_ERROR;
				GCC_WARN_UNDECLARED_SELECTOR = YES;
				GCC_WARN_UNINITIALIZED_AUTOS = YES_AGGRESSIVE;
				GCC_WARN_UNUSED_FUNCTION = YES;
				GCC_WARN_UNUSED_VARIABLE = YES;
				IPHONEOS_DEPLOYMENT_TARGET = 13.0;
				MTL_ENABLE_DEBUG_INFO = INCLUDE_SOURCE;
				MTL_FAST_MATH = YES;
				ONLY_ACTIVE_ARCH = YES;
				SDKROOT = iphoneos;
				SWIFT_ACTIVE_COMPILATION_CONDITIONS = DEBUG;
				SWIFT_OPTIMIZATION_LEVEL = "-Onone";
			};
			name = Debug;
		};
		18B41538237194F500549C13 /* Release */ = {
			isa = XCBuildConfiguration;
			buildSettings = {
				ALWAYS_SEARCH_USER_PATHS = NO;
				CLANG_ANALYZER_NONNULL = YES;
				CLANG_ANALYZER_NUMBER_OBJECT_CONVERSION = YES_AGGRESSIVE;
				CLANG_CXX_LANGUAGE_STANDARD = "gnu++14";
				CLANG_CXX_LIBRARY = "libc++";
				CLANG_ENABLE_MODULES = YES;
				CLANG_ENABLE_OBJC_ARC = YES;
				CLANG_ENABLE_OBJC_WEAK = YES;
				CLANG_WARN_BLOCK_CAPTURE_AUTORELEASING = YES;
				CLANG_WARN_BOOL_CONVERSION = YES;
				CLANG_WARN_COMMA = YES;
				CLANG_WARN_CONSTANT_CONVERSION = YES;
				CLANG_WARN_DEPRECATED_OBJC_IMPLEMENTATIONS = YES;
				CLANG_WARN_DIRECT_OBJC_ISA_USAGE = YES_ERROR;
				CLANG_WARN_DOCUMENTATION_COMMENTS = YES;
				CLANG_WARN_EMPTY_BODY = YES;
				CLANG_WARN_ENUM_CONVERSION = YES;
				CLANG_WARN_INFINITE_RECURSION = YES;
				CLANG_WARN_INT_CONVERSION = YES;
				CLANG_WARN_NON_LITERAL_NULL_CONVERSION = YES;
				CLANG_WARN_OBJC_IMPLICIT_RETAIN_SELF = YES;
				CLANG_WARN_OBJC_LITERAL_CONVERSION = YES;
				CLANG_WARN_OBJC_ROOT_CLASS = YES_ERROR;
				CLANG_WARN_RANGE_LOOP_ANALYSIS = YES;
				CLANG_WARN_STRICT_PROTOTYPES = YES;
				CLANG_WARN_SUSPICIOUS_MOVE = YES;
				CLANG_WARN_UNGUARDED_AVAILABILITY = YES_AGGRESSIVE;
				CLANG_WARN_UNREACHABLE_CODE = YES;
				CLANG_WARN__DUPLICATE_METHOD_MATCH = YES;
				COPY_PHASE_STRIP = NO;
				DEBUG_INFORMATION_FORMAT = "dwarf-with-dsym";
				ENABLE_NS_ASSERTIONS = NO;
				ENABLE_STRICT_OBJC_MSGSEND = YES;
				GCC_C_LANGUAGE_STANDARD = gnu11;
				GCC_NO_COMMON_BLOCKS = YES;
				GCC_WARN_64_TO_32_BIT_CONVERSION = YES;
				GCC_WARN_ABOUT_RETURN_TYPE = YES_ERROR;
				GCC_WARN_UNDECLARED_SELECTOR = YES;
				GCC_WARN_UNINITIALIZED_AUTOS = YES_AGGRESSIVE;
				GCC_WARN_UNUSED_FUNCTION = YES;
				GCC_WARN_UNUSED_VARIABLE = YES;
				IPHONEOS_DEPLOYMENT_TARGET = 13.0;
				MTL_ENABLE_DEBUG_INFO = NO;
				MTL_FAST_MATH = YES;
				SDKROOT = iphoneos;
				SWIFT_COMPILATION_MODE = wholemodule;
				SWIFT_OPTIMIZATION_LEVEL = "-O";
				VALIDATE_PRODUCT = YES;
			};
			name = Release;
		};
		18B4153A237194F500549C13 /* Debug */ = {
			isa = XCBuildConfiguration;
			buildSettings = {
				ASSETCATALOG_COMPILER_APPICON_NAME = AppIcon;
				CODE_SIGN_STYLE = Automatic;
				INFOPLIST_FILE = Pawsome/Info.plist;
				LD_RUNPATH_SEARCH_PATHS = (
					"$(inherited)",
					"@executable_path/Frameworks",
				);
				PRODUCT_BUNDLE_IDENTIFIER = com.ProjectGroupM.Pawsome;
				PRODUCT_NAME = "$(TARGET_NAME)";
				SWIFT_VERSION = 5.0;
				TARGETED_DEVICE_FAMILY = "1,2";
			};
			name = Debug;
		};
		18B4153B237194F500549C13 /* Release */ = {
			isa = XCBuildConfiguration;
			buildSettings = {
				ASSETCATALOG_COMPILER_APPICON_NAME = AppIcon;
				CODE_SIGN_STYLE = Automatic;
				INFOPLIST_FILE = Pawsome/Info.plist;
				LD_RUNPATH_SEARCH_PATHS = (
					"$(inherited)",
					"@executable_path/Frameworks",
				);
				PRODUCT_BUNDLE_IDENTIFIER = com.ProjectGroupM.Pawsome;
				PRODUCT_NAME = "$(TARGET_NAME)";
				SWIFT_VERSION = 5.0;
				TARGETED_DEVICE_FAMILY = "1,2";
			};
			name = Release;
		};
		18B4153D237194F500549C13 /* Debug */ = {
			isa = XCBuildConfiguration;
			buildSettings = {
				ALWAYS_EMBED_SWIFT_STANDARD_LIBRARIES = YES;
				BUNDLE_LOADER = "$(TEST_HOST)";
				CODE_SIGN_STYLE = Automatic;
				INFOPLIST_FILE = PawsomeTests/Info.plist;
				IPHONEOS_DEPLOYMENT_TARGET = 13.0;
				LD_RUNPATH_SEARCH_PATHS = (
					"$(inherited)",
					"@executable_path/Frameworks",
					"@loader_path/Frameworks",
				);
				PRODUCT_BUNDLE_IDENTIFIER = com.ProjectGroupM.PawsomeTests;
				PRODUCT_NAME = "$(TARGET_NAME)";
				SWIFT_VERSION = 5.0;
				TARGETED_DEVICE_FAMILY = "1,2";
				TEST_HOST = "$(BUILT_PRODUCTS_DIR)/Pawsome.app/Pawsome";
			};
			name = Debug;
		};
		18B4153E237194F500549C13 /* Release */ = {
			isa = XCBuildConfiguration;
			buildSettings = {
				ALWAYS_EMBED_SWIFT_STANDARD_LIBRARIES = YES;
				BUNDLE_LOADER = "$(TEST_HOST)";
				CODE_SIGN_STYLE = Automatic;
				INFOPLIST_FILE = PawsomeTests/Info.plist;
				IPHONEOS_DEPLOYMENT_TARGET = 13.0;
				LD_RUNPATH_SEARCH_PATHS = (
					"$(inherited)",
					"@executable_path/Frameworks",
					"@loader_path/Frameworks",
				);
				PRODUCT_BUNDLE_IDENTIFIER = com.ProjectGroupM.PawsomeTests;
				PRODUCT_NAME = "$(TARGET_NAME)";
				SWIFT_VERSION = 5.0;
				TARGETED_DEVICE_FAMILY = "1,2";
				TEST_HOST = "$(BUILT_PRODUCTS_DIR)/Pawsome.app/Pawsome";
			};
			name = Release;
		};
		18B41540237194F500549C13 /* Debug */ = {
			isa = XCBuildConfiguration;
			buildSettings = {
				ALWAYS_EMBED_SWIFT_STANDARD_LIBRARIES = YES;
				CODE_SIGN_STYLE = Automatic;
				INFOPLIST_FILE = PawsomeUITests/Info.plist;
				LD_RUNPATH_SEARCH_PATHS = (
					"$(inherited)",
					"@executable_path/Frameworks",
					"@loader_path/Frameworks",
				);
				PRODUCT_BUNDLE_IDENTIFIER = com.ProjectGroupM.PawsomeUITests;
				PRODUCT_NAME = "$(TARGET_NAME)";
				SWIFT_VERSION = 5.0;
				TARGETED_DEVICE_FAMILY = "1,2";
				TEST_TARGET_NAME = Pawsome;
			};
			name = Debug;
		};
		18B41541237194F500549C13 /* Release */ = {
			isa = XCBuildConfiguration;
			buildSettings = {
				ALWAYS_EMBED_SWIFT_STANDARD_LIBRARIES = YES;
				CODE_SIGN_STYLE = Automatic;
				INFOPLIST_FILE = PawsomeUITests/Info.plist;
				LD_RUNPATH_SEARCH_PATHS = (
					"$(inherited)",
					"@executable_path/Frameworks",
					"@loader_path/Frameworks",
				);
				PRODUCT_BUNDLE_IDENTIFIER = com.ProjectGroupM.PawsomeUITests;
				PRODUCT_NAME = "$(TARGET_NAME)";
				SWIFT_VERSION = 5.0;
				TARGETED_DEVICE_FAMILY = "1,2";
				TEST_TARGET_NAME = Pawsome;
			};
			name = Release;
		};
/* End XCBuildConfiguration section */

/* Begin XCConfigurationList section */
		18B41507237194F400549C13 /* Build configuration list for PBXProject "Pawsome" */ = {
			isa = XCConfigurationList;
			buildConfigurations = (
				18B41537237194F500549C13 /* Debug */,
				18B41538237194F500549C13 /* Release */,
			);
			defaultConfigurationIsVisible = 0;
			defaultConfigurationName = Release;
		};
		18B41539237194F500549C13 /* Build configuration list for PBXNativeTarget "Pawsome" */ = {
			isa = XCConfigurationList;
			buildConfigurations = (
				18B4153A237194F500549C13 /* Debug */,
				18B4153B237194F500549C13 /* Release */,
			);
			defaultConfigurationIsVisible = 0;
			defaultConfigurationName = Release;
		};
		18B4153C237194F500549C13 /* Build configuration list for PBXNativeTarget "PawsomeTests" */ = {
			isa = XCConfigurationList;
			buildConfigurations = (
				18B4153D237194F500549C13 /* Debug */,
				18B4153E237194F500549C13 /* Release */,
			);
			defaultConfigurationIsVisible = 0;
			defaultConfigurationName = Release;
		};
		18B4153F237194F500549C13 /* Build configuration list for PBXNativeTarget "PawsomeUITests" */ = {
			isa = XCConfigurationList;
			buildConfigurations = (
				18B41540237194F500549C13 /* Debug */,
				18B41541237194F500549C13 /* Release */,
			);
			defaultConfigurationIsVisible = 0;
			defaultConfigurationName = Release;
		};
/* End XCConfigurationList section */

/* Begin XCVersionGroup section */
		18B41518237194F400549C13 /* Pawsome.xcdatamodeld */ = {
			isa = XCVersionGroup;
			children = (
				18B41519237194F400549C13 /* Pawsome.xcdatamodel */,
			);
			currentVersion = 18B41519237194F400549C13 /* Pawsome.xcdatamodel */;
			path = Pawsome.xcdatamodeld;
			sourceTree = "<group>";
			versionGroupType = wrapper.xcdatamodel;
		};
/* End XCVersionGroup section */
	};
	rootObject = 18B41504237194F400549C13 /* Project object */;
}
